
Microsoft Visual Studio Solution File, Format Version 12.00
# Visual Studio Version 17
VisualStudioVersion = 17.0.31903.59
MinimumVisualStudioVersion = 10.0.40219.1
Project("{2150E333-8FDC-42A3-9474-1A3956D46DE8}") = "source", "source", "{A2350765-643D-4EA1-B5FC-1F42FF10A34D}"
EndProject
Project("{2150E333-8FDC-42A3-9474-1A3956D46DE8}") = "1-Presentation", "1-Presentation", "{61416B79-9D6B-A75E-ED77-542ACC12ECB5}"
EndProject
Project("{FAE04EC0-301F-11D3-BF4B-00C04F79EFBC}") = "EclipseWorks.WebApi", "source\EclipseWorks.WebApi\EclipseWorks.WebApi.csproj", "{9999268D-DAB6-4A58-8B97-228CB69D2B9D}"
EndProject
Project("{2150E333-8FDC-42A3-9474-1A3956D46DE8}") = "2-Application", "2-Application", "{67D2C730-8084-CC45-BFD7-D8737BA99895}"
EndProject
Project("{2150E333-8FDC-42A3-9474-1A3956D46DE8}") = "3-Core", "3-Core", "{E658DAC4-4EF8-0BB3-B54A-FE78048352A3}"
EndProject
Project("{2150E333-8FDC-42A3-9474-1A3956D46DE8}") = "4-Adapters", "4-Adapters", "{EB105BC6-F806-B4BC-A2A3-7C1F6ED53F87}"
EndProject
Project("{FAE04EC0-301F-11D3-BF4B-00C04F79EFBC}") = "EclipseWorks.Application", "source\EclipseWorks.Application\EclipseWorks.Application.csproj", "{B38B4394-6069-42D6-AE98-195FDC4EA188}"
EndProject
Project("{FAE04EC0-301F-11D3-BF4B-00C04F79EFBC}") = "EclipseWorks.Domain", "source\EclipseWorks.Domain\EclipseWorks.Domain.csproj", "{79851B7B-5C75-4BF9-AB2E-A1E41D6F8C5B}"
EndProject
Project("{FAE04EC0-301F-11D3-BF4B-00C04F79EFBC}") = "EclipseWorks.DbAdapter", "source\EclipseWorks.DbAdapters\EclipseWorks.DbAdapter.csproj", "{ADD88D36-4DD2-4C73-A29B-DA2ADC351303}"
EndProject
Project("{FAE04EC0-301F-11D3-BF4B-00C04F79EFBC}") = "EclipseWorks.FileAdapter", "source\EclipseWorks.FileAdapter\EclipseWorks.FileAdapter.csproj", "{5EFCF1B2-E02F-4461-86A4-ABA579B4E680}"
EndProject
Global
	GlobalSection(SolutionConfigurationPlatforms) = preSolution
		Debug|Any CPU = Debug|Any CPU
		Debug|x64 = Debug|x64
		Debug|x86 = Debug|x86
		Release|Any CPU = Release|Any CPU
		Release|x64 = Release|x64
		Release|x86 = Release|x86
	EndGlobalSection
	GlobalSection(ProjectConfigurationPlatforms) = postSolution
		{9999268D-DAB6-4A58-8B97-228CB69D2B9D}.Debug|Any CPU.ActiveCfg = Debug|Any CPU
		{9999268D-DAB6-4A58-8B97-228CB69D2B9D}.Debug|Any CPU.Build.0 = Debug|Any CPU
		{9999268D-DAB6-4A58-8B97-228CB69D2B9D}.Debug|x64.ActiveCfg = Debug|Any CPU
		{9999268D-DAB6-4A58-8B97-228CB69D2B9D}.Debug|x64.Build.0 = Debug|Any CPU
		{9999268D-DAB6-4A58-8B97-228CB69D2B9D}.Debug|x86.ActiveCfg = Debug|Any CPU
		{9999268D-DAB6-4A58-8B97-228CB69D2B9D}.Debug|x86.Build.0 = Debug|Any CPU
		{9999268D-DAB6-4A58-8B97-228CB69D2B9D}.Release|Any CPU.ActiveCfg = Release|Any CPU
		{9999268D-DAB6-4A58-8B97-228CB69D2B9D}.Release|Any CPU.Build.0 = Release|Any CPU
		{9999268D-DAB6-4A58-8B97-228CB69D2B9D}.Release|x64.ActiveCfg = Release|Any CPU
		{9999268D-DAB6-4A58-8B97-228CB69D2B9D}.Release|x64.Build.0 = Release|Any CPU
		{9999268D-DAB6-4A58-8B97-228CB69D2B9D}.Release|x86.ActiveCfg = Release|Any CPU
		{9999268D-DAB6-4A58-8B97-228CB69D2B9D}.Release|x86.Build.0 = Release|Any CPU
		{B38B4394-6069-42D6-AE98-195FDC4EA188}.Debug|Any CPU.ActiveCfg = Debug|Any CPU
		{B38B4394-6069-42D6-AE98-195FDC4EA188}.Debug|Any CPU.Build.0 = Debug|Any CPU
		{B38B4394-6069-42D6-AE98-195FDC4EA188}.Debug|x64.ActiveCfg = Debug|Any CPU
		{B38B4394-6069-42D6-AE98-195FDC4EA188}.Debug|x64.Build.0 = Debug|Any CPU
		{B38B4394-6069-42D6-AE98-195FDC4EA188}.Debug|x86.ActiveCfg = Debug|Any CPU
		{B38B4394-6069-42D6-AE98-195FDC4EA188}.Debug|x86.Build.0 = Debug|Any CPU
		{B38B4394-6069-42D6-AE98-195FDC4EA188}.Release|Any CPU.ActiveCfg = Release|Any CPU
		{B38B4394-6069-42D6-AE98-195FDC4EA188}.Release|Any CPU.Build.0 = Release|Any CPU
		{B38B4394-6069-42D6-AE98-195FDC4EA188}.Release|x64.ActiveCfg = Release|Any CPU
		{B38B4394-6069-42D6-AE98-195FDC4EA188}.Release|x64.Build.0 = Release|Any CPU
		{B38B4394-6069-42D6-AE98-195FDC4EA188}.Release|x86.ActiveCfg = Release|Any CPU
		{B38B4394-6069-42D6-AE98-195FDC4EA188}.Release|x86.Build.0 = Release|Any CPU
		{79851B7B-5C75-4BF9-AB2E-A1E41D6F8C5B}.Debug|Any CPU.ActiveCfg = Debug|Any CPU
		{79851B7B-5C75-4BF9-AB2E-A1E41D6F8C5B}.Debug|Any CPU.Build.0 = Debug|Any CPU
		{79851B7B-5C75-4BF9-AB2E-A1E41D6F8C5B}.Debug|x64.ActiveCfg = Debug|Any CPU
		{79851B7B-5C75-4BF9-AB2E-A1E41D6F8C5B}.Debug|x64.Build.0 = Debug|Any CPU
		{79851B7B-5C75-4BF9-AB2E-A1E41D6F8C5B}.Debug|x86.ActiveCfg = Debug|Any CPU
		{79851B7B-5C75-4BF9-AB2E-A1E41D6F8C5B}.Debug|x86.Build.0 = Debug|Any CPU
		{79851B7B-5C75-4BF9-AB2E-A1E41D6F8C5B}.Release|Any CPU.ActiveCfg = Release|Any CPU
		{79851B7B-5C75-4BF9-AB2E-A1E41D6F8C5B}.Release|Any CPU.Build.0 = Release|Any CPU
		{79851B7B-5C75-4BF9-AB2E-A1E41D6F8C5B}.Release|x64.ActiveCfg = Release|Any CPU
		{79851B7B-5C75-4BF9-AB2E-A1E41D6F8C5B}.Release|x64.Build.0 = Release|Any CPU
		{79851B7B-5C75-4BF9-AB2E-A1E41D6F8C5B}.Release|x86.ActiveCfg = Release|Any CPU
		{79851B7B-5C75-4BF9-AB2E-A1E41D6F8C5B}.Release|x86.Build.0 = Release|Any CPU
		{ADD88D36-4DD2-4C73-A29B-DA2ADC351303}.Debug|Any CPU.ActiveCfg = Debug|Any CPU
		{ADD88D36-4DD2-4C73-A29B-DA2ADC351303}.Debug|Any CPU.Build.0 = Debug|Any CPU
		{ADD88D36-4DD2-4C73-A29B-DA2ADC351303}.Debug|x64.ActiveCfg = Debug|Any CPU
		{ADD88D36-4DD2-4C73-A29B-DA2ADC351303}.Debug|x64.Build.0 = Debug|Any CPU
		{ADD88D36-4DD2-4C73-A29B-DA2ADC351303}.Debug|x86.ActiveCfg = Debug|Any CPU
		{ADD88D36-4DD2-4C73-A29B-DA2ADC351303}.Debug|x86.Build.0 = Debug|Any CPU
		{ADD88D36-4DD2-4C73-A29B-DA2ADC351303}.Release|Any CPU.ActiveCfg = Release|Any CPU
		{ADD88D36-4DD2-4C73-A29B-DA2ADC351303}.Release|Any CPU.Build.0 = Release|Any CPU
		{ADD88D36-4DD2-4C73-A29B-DA2ADC351303}.Release|x64.ActiveCfg = Release|Any CPU
		{ADD88D36-4DD2-4C73-A29B-DA2ADC351303}.Release|x64.Build.0 = Release|Any CPU
		{ADD88D36-4DD2-4C73-A29B-DA2ADC351303}.Release|x86.ActiveCfg = Release|Any CPU
		{ADD88D36-4DD2-4C73-A29B-DA2ADC351303}.Release|x86.Build.0 = Release|Any CPU
		{5EFCF1B2-E02F-4461-86A4-ABA579B4E680}.Debug|Any CPU.ActiveCfg = Debug|Any CPU
		{5EFCF1B2-E02F-4461-86A4-ABA579B4E680}.Debug|Any CPU.Build.0 = Debug|Any CPU
		{5EFCF1B2-E02F-4461-86A4-ABA579B4E680}.Debug|x64.ActiveCfg = Debug|Any CPU
		{5EFCF1B2-E02F-4461-86A4-ABA579B4E680}.Debug|x64.Build.0 = Debug|Any CPU
		{5EFCF1B2-E02F-4461-86A4-ABA579B4E680}.Debug|x86.ActiveCfg = Debug|Any CPU
		{5EFCF1B2-E02F-4461-86A4-ABA579B4E680}.Debug|x86.Build.0 = Debug|Any CPU
		{5EFCF1B2-E02F-4461-86A4-ABA579B4E680}.Release|Any CPU.ActiveCfg = Release|Any CPU
		{5EFCF1B2-E02F-4461-86A4-ABA579B4E680}.Release|Any CPU.Build.0 = Release|Any CPU
		{5EFCF1B2-E02F-4461-86A4-ABA579B4E680}.Release|x64.ActiveCfg = Release|Any CPU
		{5EFCF1B2-E02F-4461-86A4-ABA579B4E680}.Release|x64.Build.0 = Release|Any CPU
		{5EFCF1B2-E02F-4461-86A4-ABA579B4E680}.Release|x86.ActiveCfg = Release|Any CPU
		{5EFCF1B2-E02F-4461-86A4-ABA579B4E680}.Release|x86.Build.0 = Release|Any CPU
	EndGlobalSection
	GlobalSection(SolutionProperties) = preSolution
		HideSolutionNode = FALSE
	EndGlobalSection
	GlobalSection(NestedProjects) = preSolution
		{61416B79-9D6B-A75E-ED77-542ACC12ECB5} = {A2350765-643D-4EA1-B5FC-1F42FF10A34D}
		{9999268D-DAB6-4A58-8B97-228CB69D2B9D} = {61416B79-9D6B-A75E-ED77-542ACC12ECB5}
		{67D2C730-8084-CC45-BFD7-D8737BA99895} = {A2350765-643D-4EA1-B5FC-1F42FF10A34D}
		{E658DAC4-4EF8-0BB3-B54A-FE78048352A3} = {A2350765-643D-4EA1-B5FC-1F42FF10A34D}
		{EB105BC6-F806-B4BC-A2A3-7C1F6ED53F87} = {A2350765-643D-4EA1-B5FC-1F42FF10A34D}
		{B38B4394-6069-42D6-AE98-195FDC4EA188} = {67D2C730-8084-CC45-BFD7-D8737BA99895}
		{79851B7B-5C75-4BF9-AB2E-A1E41D6F8C5B} = {E658DAC4-4EF8-0BB3-B54A-FE78048352A3}
		{ADD88D36-4DD2-4C73-A29B-DA2ADC351303} = {EB105BC6-F806-B4BC-A2A3-7C1F6ED53F87}
		{5EFCF1B2-E02F-4461-86A4-ABA579B4E680} = {EB105BC6-F806-B4BC-A2A3-7C1F6ED53F87}
	EndGlobalSection
EndGlobal
